
Microsoft Visual Studio Solution File, Format Version 12.00
# Visual Studio Version 16
VisualStudioVersion = 16.0.29905.134
MinimumVisualStudioVersion = 10.0.40219.1
Project("{9A19103F-16F7-4668-BE54-9A1E7A4F7556}") = "EFGen", "EFGen\EFGen.csproj", "{8E35F033-0EEA-4CEC-A087-CE77675B86D3}"
EndProject
Global
	GlobalSection(SolutionConfigurationPlatforms) = preSolution
		Debug|Any CPU = Debug|Any CPU
		Release|Any CPU = Release|Any CPU
	EndGlobalSection
	GlobalSection(ProjectConfigurationPlatforms) = postSolution
		{8E35F033-0EEA-4CEC-A087-CE77675B86D3}.Debug|Any CPU.ActiveCfg = Debug|Any CPU
		{8E35F033-0EEA-4CEC-A087-CE77675B86D3}.Debug|Any CPU.Build.0 = Debug|Any CPU
		{8E35F033-0EEA-4CEC-A087-CE77675B86D3}.Release|Any CPU.ActiveCfg = Release|Any CPU
		{8E35F033-0EEA-4CEC-A087-CE77675B86D3}.Release|Any CPU.Build.0 = Release|Any CPU
	EndGlobalSection
	GlobalSection(SolutionProperties) = preSolution
		HideSolutionNode = FALSE
	EndGlobalSection
	GlobalSection(ExtensibilityGlobals) = postSolution
		SolutionGuid = {8CC5D5D6-8443-41F6-BB63-140CC88C44D3}
	EndGlobalSection
EndGlobal
